github.com/furstenheim/nth_element v0.0.0-20190419153334-6ae3dd61145d h1:ph6fZ1/OdQ4MITFY2FH8XGtztp4jRPv7f+P3OXCnOBI=
github.com/furstenheim/nth_element v0.0.0-20190419153334-6ae3dd61145d/go.mod h1:wiFjePPTcPnPl5zlyrjHTXRPsq8z+1m8I0pCXYMoGlg=
github.com/vikulin/go-udt v0.0.0-20220529084359-dd6a8672cc29 h1:pRc+tMrCNxKypDtb69NUSm6H0cwp3scYogwLH8P3bMM=
github.com/vikulin/go-udt v0.0.0-20220529084359-dd6a8672cc29/go.mod h1:UiGXrPeSjRLoMAMqHqGQomggnlnh9PpAS1maaNmGWpo=
github.com/vikulin/go-udt v0.0.0-20220529103753-73104e9eb896 h1:+xyOMyHG3xG9cUj+wFfKErsH+o/H7C9d24gaa16P1XE=
github.com/vikulin/go-udt v0.0.0-20220529103753-73104e9eb896/go.mod h1:UiGXrPeSjRLoMAMqHqGQomggnlnh9PpAS1maaNmGWpo=
github.com/vikulin/go-udt v0.0.0-20220529173347-d3503b4c7f90 h1:rYDbq9PwXRbFEpl0VUDrQqax0SmS2ZtXYqjXXY4nMDQ=
github.com/vikulin/go-udt v0.0.0-20220529173347-d3503b4c7f90/go.mod h1:UiGXrPeSjRLoMAMqHqGQomggnlnh9PpAS1maaNmGWpo=
github.com/vikulin/go-udt v0.0.0-20220601163422-80849e6f9be3 h1:IFSXVoyFKyHQhM5HB5eaRoRQgxOQfXfh0CduBfc3u0c=
github.com/vikulin/go-udt v0.0.0-20220601163422-80849e6f9be3/go.mod h1:UiGXrPeSjRLoMAMqHqGQomggnlnh9PpAS1maaNmGWpo=
github.com/vikulin/go-udt v0.0.0-20220601163943-774f3d27993d h1:J+G0cuELIEirEkA+DXq+/jkBDEW+YBkr5I43uVvgSkk=
github.com/vikulin/go-udt v0.0.0-20220601163943-774f3d27993d/go.mod h1:UiGXrPeSjRLoMAMqHqGQomggnlnh9PpAS1maaNmGWpo=
github.com/vikulin/go-udt v0.0.0-20220601165625-0bf6445c2626 h1:fCWDEH+4QaxeZT3ViDUFm9M6HfpzHZhC6hKTm7nhFRw=
github.com/vikulin/go-udt v0.0.0-20220601165625-0bf6445c2626/go.mod h1:UiGXrPeSjRLoMAMqHqGQomggnlnh9PpAS1maaNmGWpo=
golang.org/x/sys v0.0.0-20220520151302-bc2c85ada10a h1:dGzPydgVsqGcTRVwiLJ1jVbufYwmzD3LfVPLKsKg+0k=
golang.org/x/sys v0.0.0-20220520151302-bc2c85ada10a/go.mod h1:oPkhp1MJrh7nUepCBck5+mAzfO9JrbApNNgaTdGDITg=
